lockfileVersion: '9.0'

settings:
  autoInstallPeers: true
  excludeLinksFromLockfile: false

importers:

  .:
    dependencies:
      '@tauri-apps/plugin-global-shortcut':
        specifier: ~2.3.2
        version: 2.3.2
      '@tauri-apps/plugin-sql':
        specifier: ~2.4.1
        version: 2.4.1

packages:

  '@tauri-apps/api@2.11.1':
    resolution: {integrity: sha512-M2FPuYND2m+wh5hfW9ZpSdxMPdEJovPBWwoHJmwUpysTYNHaOkVFN419m/K0LIgjb/7KU2vBgsUepJWugQCvAA==}

  '@tauri-apps/plugin-global-shortcut@2.3.2':
    resolution: {integrity: sha512-UReHNXrLvpEjylE4jb4oCYiy96uRykPUthoCQCmRXYrd5hs5X9DrW+qOn7GLW57EJN4tdK8bgK5twBTz2NOxzA==}

  '@tauri-apps/plugin-sql@2.4.1':
    resolution: {integrity: sha512-w9fImJ2XaCLFEj+kLbs8nO/Idq89mpjl//Bm37JZo8AugbaVzaW5iHTjjcozHjtLgjb0IAQjYromv0YpzDOFkA==}

snapshots:

  '@tauri-apps/api@2.11.1': {}

  '@tauri-apps/plugin-global-shortcut@2.3.2':
    dependencies:
      '@tauri-apps/api': 2.11.1

  '@tauri-apps/plugin-sql@2.4.1':
    dependencies:
      '@tauri-apps/api': 2.11.1
